
Microsoft Visual Studio Solution File, Format Version 12.00
# Visual Studio 2013
VisualStudioVersion = 12.0.21005.1
MinimumVisualStudioVersion = 10.0.40219.1
Project("{FAE04EC0-301F-11D3-BF4B-00C04F79EFBC}") = "CfdiSharp", "CfdiSharp\CfdiSharp.csproj", "{27F15172-20FD-42DE-AAF1-6B262A782D94}"
EndProject
Project("{FAE04EC0-301F-11D3-BF4B-00C04F79EFBC}") = "CfdiSharpTest", "CfdiSharpTest\CfdiSharpTest.csproj", "{090F7703-C27D-4178-BDB3-D0F2FF1E5EA7}"
EndProject
Global
	GlobalSection(SolutionConfigurationPlatforms) = preSolution
		Debug|Any CPU = Debug|Any CPU
		Release|Any CPU = Release|Any CPU
	EndGlobalSection
	GlobalSection(ProjectConfigurationPlatforms) = postSolution
		{27F15172-20FD-42DE-AAF1-6B262A782D94}.Debug|Any CPU.ActiveCfg = Debug|Any CPU
		{27F15172-20FD-42DE-AAF1-6B262A782D94}.Debug|Any CPU.Build.0 = Debug|Any CPU
		{27F15172-20FD-42DE-AAF1-6B262A782D94}.Release|Any CPU.ActiveCfg = Release|Any CPU
		{27F15172-20FD-42DE-AAF1-6B262A782D94}.Release|Any CPU.Build.0 = Release|Any CPU
		{090F7703-C27D-4178-BDB3-D0F2FF1E5EA7}.Debug|Any CPU.ActiveCfg = Debug|Any CPU
		{090F7703-C27D-4178-BDB3-D0F2FF1E5EA7}.Debug|Any CPU.Build.0 = Debug|Any CPU
		{090F7703-C27D-4178-BDB3-D0F2FF1E5EA7}.Release|Any CPU.ActiveCfg = Release|Any CPU
		{090F7703-C27D-4178-BDB3-D0F2FF1E5EA7}.Release|Any CPU.Build.0 = Release|Any CPU
	EndGlobalSection
	GlobalSection(SolutionProperties) = preSolution
		HideSolutionNode = FALSE
	EndGlobalSection
EndGlobal
